// !$*UTF8*$!
{
	archiveVersion = 1;
	classes = {
	};
	objectVersion = 46;
	objects = {

/* Begin PBXBuildFile section */
		CFB8ED681CF825DF00A221B9 /* main.m in Sources */ = {isa = PBXBuildFile; fileRef = CFB8ED671CF825DF00A221B9 /* main.m */; };
		CFB8ED6B1CF825DF00A221B9 /* AppDelegate.m in Sources */ = {isa = PBXBuildFile; fileRef = CFB8ED6A1CF825DF00A221B9 /* AppDelegate.m */; };
		CFB8ED6E1CF825DF00A221B9 /* ViewController.m in Sources */ = {isa = PBXBuildFile; fileRef = CFB8ED6D1CF825DF00A221B9 /* ViewController.m */; };
		CFB8ED711CF825DF00A221B9 /* Main.storyboard in Resources */ = {isa = PBXBuildFile; fileRef = CFB8ED6F1CF825DF00A221B9 /* Main.storyboard */; };
		CFB8ED731CF825DF00A221B9 /* Assets.xcassets in Resources */ = {isa = PBXBuildFile; fileRef = CFB8ED721CF825DF00A221B9 /* Assets.xcassets */; };
		CFB8ED761CF825DF00A221B9 /* LaunchScreen.storyboard in Resources */ = {isa = PBXBuildFile; fileRef = CFB8ED741CF825DF00A221B9 /* LaunchScreen.storyboard */; };
		CFB8ED811CF825DF00A221B9 /* JSCopyableLabelTests.m in Sources */ = {isa = PBXBuildFile; fileRef = CFB8ED801CF825DF00A221B9 /* JSCopyableLabelTests.m */; };
		CFB8ED8C1CF825E000A221B9 /* JSCopyableLabelUITests.m in Sources */ = {isa = PBXBuildFile; fileRef = CFB8ED8B1CF825E000A221B9 /* JSCopyableLabelUITests.m */; };
		CFB8ED9B1CF8260A00A221B9 /* JSCopyableLabel.m in Sources */ = {isa = PBXBuildFile; fileRef = CFB8ED9A1CF8260A00A221B9 /* JSCopyableLabel.m */; };
/* End PBXBuildFile section */

/* Begin PBXContainerItemProxy section */
		CFB8ED7D1CF825DF00A221B9 /* PBXContainerItemProxy */ = {
			isa = PBXContainerItemProxy;
			containerPortal = CFB8ED5B1CF825DF00A221B9 /* Project object */;
			proxyType = 1;
			remoteGlobalIDString = CFB8ED621CF825DF00A221B9;
			remoteInfo = JSCopyableLabel;
		};
		CFB8ED881CF825E000A221B9 /* PBXContainerItemProxy */ = {
			isa = PBXContainerItemProxy;
			containerPortal = CFB8ED5B1CF825DF00A221B9 /* Project object */;
			proxyType = 1;
			remoteGlobalIDString = CFB8ED621CF825DF00A221B9;
			remoteInfo = JSCopyableLabel;
		};
/* End PBXContainerItemProxy section */

/* Begin PBXFileReference section */
		CFB8ED631CF825DF00A221B9 /* JSCopyableLabel.app */ = {isa = PBXFileReference; explicitFileType = wrapper.application; includeInIndex = 0; path = JSCopyableLabel.app; sourceTree = BUILT_PRODUCTS_DIR; };
		CFB8ED671CF825DF00A221B9 /* main.m */ = {isa = PBXFileReference; lastKnownFileType = sourcecode.c.objc; path = main.m; sourceTree = "<group>"; };
		CFB8ED691CF825DF00A221B9 /* AppDelegate.h */ = {isa = PBXFileReference; lastKnownFileType = sourcecode.c.h; path = AppDelegate.h; sourceTree = "<group>"; };
		CFB8ED6A1CF825DF00A221B9 /* AppDelegate.m */ = {isa = PBXFileReference; lastKnownFileType = sourcecode.c.objc; path = AppDelegate.m; sourceTree = "<group>"; };
		CFB8ED6C1CF825DF00A221B9 /* ViewController.h */ = {isa = PBXFileReference; lastKnownFileType = sourcecode.c.h; path = ViewController.h; sourceTree = "<group>"; };
		CFB8ED6D1CF825DF00A221B9 /* ViewController.m */ = {isa = PBXFileReference; lastKnownFileType = sourcecode.c.objc; path = ViewController.m; sourceTree = "<group>"; };
		CFB8ED701CF825DF00A221B9 /* Base */ = {isa = PBXFileReference; lastKnownFileType = file.storyboard; name = Base; path = Base.lproj/Main.storyboard; sourceTree = "<group>"; };
		CFB8ED721CF825DF00A221B9 /* Assets.xcassets */ = {isa = PBXFileReference; lastKnownFileType = folder.assetcatalog; path = Assets.xcassets; sourceTree = "<group>"; };
		CFB8ED751CF825DF00A221B9 /* Base */ = {isa = PBXFileReference; lastKnownFileType = file.storyboard; name = Base; path = Base.lproj/LaunchScreen.storyboard; sourceTree = "<group>"; };
		CFB8ED771CF825DF00A221B9 /* Info.plist */ = {isa = PBXFileReference; lastKnownFileType = text.plist.xml; path = Info.plist; sourceTree = "<group>"; };
		CFB8ED7C1CF825DF00A221B9 /* JSCopyableLabelTests.xctest */ = {isa = PBXFileReference; explicitFileType = wrapper.cfbundle; includeInIndex = 0; path = JSCopyableLabelTests.xctest; sourceTree = BUILT_PRODUCTS_DIR; };
		CFB8ED801CF825DF00A221B9 /* JSCopyableLabelTests.m */ = {isa = PBXFileReference; lastKnownFileType = sourcecode.c.objc; path = JSCopyableLabelTests.m; sourceTree = "<group>"; };
		CFB8ED821CF825DF00A221B9 /* Info.plist */ = {isa = PBXFileReference; lastKnownFileType = text.plist.xml; path = Info.plist; sourceTree = "<group>"; };
		CFB8ED871CF825E000A221B9 /* JSCopyableLabelUITests.xctest */ = {isa = PBXFileReference; explicitFileType = wrapper.cfbundle; includeInIndex = 0; path = JSCopyableLabelUITests.xctest; sourceTree = BUILT_PRODUCTS_DIR; };
		CFB8ED8B1CF825E000A221B9 /* JSCopyableLabelUITests.m */ = {isa = PBXFileReference; lastKnownFileType = sourcecode.c.objc; path = JSCopyableLabelUITests.m; sourceTree = "<group>"; };
		CFB8ED8D1CF825E000A221B9 /* Info.plist */ = {isa = PBXFileReference; lastKnownFileType = text.plist.xml; path = Info.plist; sourceTree = "<group>"; };
		CFB8ED991CF8260A00A221B9 /* JSCopyableLabel.h */ = {isa = PBXFileReference; fileEncoding = 4; lastKnownFileType = sourcecode.c.h; path = JSCopyableLabel.h; sourceTree = "<group>"; };
		CFB8ED9A1CF8260A00A221B9 /* JSCopyableLabel.m */ = {isa = PBXFileReference; fileEncoding = 4; lastKnownFileType = sourcecode.c.objc; path = JSCopyableLabel.m; sourceTree = "<group>"; };
/* End PBXFileReference section */

/* Begin PBXFrameworksBuildPhase section */
		CFB8ED601CF825DF00A221B9 /* Frameworks */ = {
			isa = PBXFrameworksBuildPhase;
			buildActionMask = 2147483647;
			files = (
			);
			runOnlyForDeploymentPostprocessing = 0;
		};
		CFB8ED791CF825DF00A221B9 /* Frameworks */ = {
			isa = PBXFrameworksBuildPhase;
			buildActionMask = 2147483647;
			files = (
			);
			runOnlyForDeploymentPostprocessing = 0;
		};
		CFB8ED841CF825E000A221B9 /* Frameworks */ = {
			isa = PBXFrameworksBuildPhase;
			buildActionMask = 2147483647;
			files = (
			);
			runOnlyForDeploymentPostprocessing = 0;
		};
/* End PBXFrameworksBuildPhase section */

/* Begin PBXGroup section */
		CFB8ED5A1CF825DF00A221B9 = {
			isa = PBXGroup;
			children = (
				CFB8ED651CF825DF00A221B9 /* JSCopyableLabel */,
				CFB8ED7F1CF825DF00A221B9 /* JSCopyableLabelTests */,
				CFB8ED8A1CF825E000A221B9 /* JSCopyableLabelUITests */,
				CFB8ED641CF825DF00A221B9 /* Products */,
			);
			sourceTree = "<group>";
		};
		CFB8ED641CF825DF00A221B9 /* Products */ = {
			isa = PBXGroup;
			children = (
				CFB8ED631CF825DF00A221B9 /* JSCopyableLabel.app */,
				CFB8ED7C1CF825DF00A221B9 /* JSCopyableLabelTests.xctest */,
				CFB8ED871CF825E000A221B9 /* JSCopyableLabelUITests.xctest */,
			);
			name = Products;
			sourceTree = "<group>";
		};
		CFB8ED651CF825DF00A221B9 /* JSCopyableLabel */ = {
			isa = PBXGroup;
			children = (
				CFB8ED691CF825DF00A221B9 /* AppDelegate.h */,
				CFB8ED6A1CF825DF00A221B9 /* AppDelegate.m */,
				CFB8ED6C1CF825DF00A221B9 /* ViewController.h */,
				CFB8ED6D1CF825DF00A221B9 /* ViewController.m */,
				CFB8ED991CF8260A00A221B9 /* JSCopyableLabel.h */,
				CFB8ED9A1CF8260A00A221B9 /* JSCopyableLabel.m */,
				CFB8ED6F1CF825DF00A221B9 /* Main.storyboard */,
				CFB8ED721CF825DF00A221B9 /* Assets.xcassets */,
				CFB8ED741CF825DF00A221B9 /* LaunchScreen.storyboard */,
				CFB8ED771CF825DF00A221B9 /* Info.plist */,
				CFB8ED661CF825DF00A221B9 /* Supporting Files */,
			);
			path = JSCopyableLabel;
			sourceTree = "<group>";
		};
		CFB8ED661CF825DF00A221B9 /* Supporting Files */ = {
			isa = PBXGroup;
			children = (
				CFB8ED671CF825DF00A221B9 /* main.m */,
			);
			name = "Supporting Files";
			sourceTree = "<group>";
		};
		CFB8ED7F1CF825DF00A221B9 /* JSCopyableLabelTests */ = {
			isa = PBXGroup;
			children = (
				CFB8ED801CF825DF00A221B9 /* JSCopyableLabelTests.m */,
				CFB8ED821CF825DF00A221B9 /* Info.plist */,
			);
			path = JSCopyableLabelTests;
			sourceTree = "<group>";
		};
		CFB8ED8A1CF825E000A221B9 /* JSCopyableLabelUITests */ = {
			isa = PBXGroup;
			children = (
				CFB8ED8B1CF825E000A221B9 /* JSCopyableLabelUITests.m */,
				CFB8ED8D1CF825E000A221B9 /* Info.plist */,
			);
			path = JSCopyableLabelUITests;
			sourceTree = "<group>";
		};
/* End PBXGroup section */

/* Begin PBXNativeTarget section */
		CFB8ED621CF825DF00A221B9 /* JSCopyableLabel */ = {
			isa = PBXNativeTarget;
			buildConfigurationList = CFB8ED901CF825E000A221B9 /* Build configuration list for PBXNativeTarget "JSCopyableLabel" */;
			buildPhases = (
				CFB8ED5F1CF825DF00A221B9 /* Sources */,
				CFB8ED601CF825DF00A221B9 /* Frameworks */,
				CFB8ED611CF825DF00A221B9 /* Resources */,
			);
			buildRules = (
			);
			dependencies = (
			);
			name = JSCopyableLabel;
			productName = JSCopyableLabel;
			productReference = CFB8ED631CF825DF00A221B9 /* JSCopyableLabel.app */;
			productType = "com.apple.product-type.application";
		};
		CFB8ED7B1CF825DF00A221B9 /* JSCopyableLabelTests */ = {
			isa = PBXNativeTarget;
			buildConfigurationList = CFB8ED931CF825E000A221B9 /* Build configuration list for PBXNativeTarget "JSCopyableLabelTests" */;
			buildPhases = (
				CFB8ED781CF825DF00A221B9 /* Sources */,
				CFB8ED791CF825DF00A221B9 /* Frameworks */,
				CFB8ED7A1CF825DF00A221B9 /* Resources */,
			);
			buildRules = (
			);
			dependencies = (
				CFB8ED7E1CF825DF00A221B9 /* PBXTargetDependency */,
			);
			name = JSCopyableLabelTests;
			productName = JSCopyableLabelTests;
			productReference = CFB8ED7C1CF825DF00A221B9 /* JSCopyableLabelTests.xctest */;
			productType = "com.apple.product-type.bundle.unit-test";
		};
		CFB8ED861CF825E000A221B9 /* JSCopyableLabelUITests */ = {
			isa = PBXNativeTarget;
			buildConfigurationList = CFB8ED961CF825E000A221B9 /* Build configuration list for PBXNativeTarget "JSCopyableLabelUITests" */;
			buildPhases = (
				CFB8ED831CF825E000A221B9 /* Sources */,
				CFB8ED841CF825E000A221B9 /* Frameworks */,
				CFB8ED851CF825E000A221B9 /* Resources */,
			);
			buildRules = (
			);
			dependencies = (
				CFB8ED891CF825E000A221B9 /* PBXTargetDependency */,
			);
			name = JSCopyableLabelUITests;
			productName = JSCopyableLabelUITests;
			productReference = CFB8ED871CF825E000A221B9 /* JSCopyableLabelUITests.xctest */;
			productType = "com.apple.product-type.bundle.ui-testing";
		};
/* End PBXNativeTarget section */

/* Begin PBXProject section */
		CFB8ED5B1CF825DF00A221B9 /* Project object */ = {
			isa = PBXProject;
			attributes = {
				LastUpgradeCheck = 0730;
				ORGANIZATIONNAME = jiangsu;
				TargetAttributes = {
					CFB8ED621CF825DF00A221B9 = {
						CreatedOnToolsVersion = 7.3.1;
						DevelopmentTeam = 4SU7V64Q9J;
					};
					CFB8ED7B1CF825DF00A221B9 = {
						CreatedOnToolsVersion = 7.3.1;
						DevelopmentTeam = 4SU7V64Q9J;
						TestTargetID = CFB8ED621CF825DF00A221B9;
					};
					CFB8ED861CF825E000A221B9 = {
						CreatedOnToolsVersion = 7.3.1;
						DevelopmentTeam = 4SU7V64Q9J;
						TestTargetID = CFB8ED621CF825DF00A221B9;
					};
				};
			};
			buildConfigurationList = CFB8ED5E1CF825DF00A221B9 /* Build configuration list for PBXProject "JSCopyableLabel" */;
			compatibilityVersion = "Xcode 3.2";
			developmentRegion = English;
			hasScannedForEncodings = 0;
			knownRegions = (
				en,
				Base,
			);
			mainGroup = CFB8ED5A1CF825DF00A221B9;
			productRefGroup = CFB8ED641CF825DF00A221B9 /* Products */;
			projectDirPath = "";
			projectRoot = "";
			targets = (
				CFB8ED621CF825DF00A221B9 /* JSCopyableLabel */,
				CFB8ED7B1CF825DF00A221B9 /* JSCopyableLabelTests */,
				CFB8ED861CF825E000A221B9 /* JSCopyableLabelUITests */,
			);
		};
/* End PBXProject section */

/* Begin PBXResourcesBuildPhase section */
		CFB8ED611CF825DF00A221B9 /* Resources */ = {
			isa = PBXResourcesBuildPhase;
			buildActionMask = 2147483647;
			files = (
				CFB8ED761CF825DF00A221B9 /* LaunchScreen.storyboard in Resources */,
				CFB8ED731CF825DF00A221B9 /* Assets.xcassets in Resources */,
				CFB8ED711CF825DF00A221B9 /* Main.storyboard in Resources */,
			);
			runOnlyForDeploymentPostprocessing = 0;
		};
		CFB8ED7A1CF825DF00A221B9 /* Resources */ = {
			isa = PBXResourcesBuildPhase;
			buildActionMask = 2147483647;
			files = (
			);
			runOnlyForDeploymentPostprocessing = 0;
		};
		CFB8ED851CF825E000A221B9 /* Resources */ = {
			isa = PBXResourcesBuildPhase;
			buildActionMask = 2147483647;
			files = (
			);
			runOnlyForDeploymentPostprocessing = 0;
		};
/* End PBXResourcesBuildPhase section */

/* Begin PBXSourcesBuildPhase section */
		CFB8ED5F1CF825DF00A221B9 /* Sources */ = {
			isa = PBXSourcesBuildPhase;
			buildActionMask = 2147483647;
			files = (
				CFB8ED9B1CF8260A00A221B9 /* JSCopyableLabel.m in Sources */,
				CFB8ED6E1CF825DF00A221B9 /* ViewController.m in Sources */,
				CFB8ED6B1CF825DF00A221B9 /* AppDelegate.m in Sources */,
				CFB8ED681CF825DF00A221B9 /* main.m in Sources */,
			);
			runOnlyForDeploymentPostprocessing = 0;
		};
		CFB8ED781CF825DF00A221B9 /* Sources */ = {
			isa = PBXSourcesBuildPhase;
			buildActionMask = 2147483647;
			files = (
				CFB8ED811CF825DF00A221B9 /* JSCopyableLabelTests.m in Sources */,
			);
			runOnlyForDeploymentPostprocessing = 0;
		};
		CFB8ED831CF825E000A221B9 /* Sources */ = {
			isa = PBXSourcesBuildPhase;
			buildActionMask = 2147483647;
			files = (
				CFB8ED8C1CF825E000A221B9 /* JSCopyableLabelUITests.m in Sources */,
			);
			runOnlyForDeploymentPostprocessing = 0;
		};
/* End PBXSourcesBuildPhase section */

/* Begin PBXTargetDependency section */
		CFB8ED7E1CF825DF00A221B9 /* PBXTargetDependency */ = {
			isa = PBXTargetDependency;
			target = CFB8ED621CF825DF00A221B9 /* JSCopyableLabel */;
			targetProxy = CFB8ED7D1CF825DF00A221B9 /* PBXContainerItemProxy */;
		};
		CFB8ED891CF825E000A221B9 /* PBXTargetDependency */ = {
			isa = PBXTargetDependency;
			target = CFB8ED621CF825DF00A221B9 /* JSCopyableLabel */;
			targetProxy = CFB8ED881CF825E000A221B9 /* PBXContainerItemProxy */;
		};
/* End PBXTargetDependency section */

/* Begin PBXVariantGroup section */
		CFB8ED6F1CF825DF00A221B9 /* Main.storyboard */ = {
			isa = PBXVariantGroup;
			children = (
				CFB8ED701CF825DF00A221B9 /* Base */,
			);
			name = Main.storyboard;
			sourceTree = "<group>";
		};
		CFB8ED741CF825DF00A221B9 /* LaunchScreen.storyboard */ = {
			isa = PBXVariantGroup;
			children = (
				CFB8ED751CF825DF00A221B9 /* Base */,
			);
			name = LaunchScreen.storyboard;
			sourceTree = "<group>";
		};
/* End PBXVariantGroup section */

/* Begin XCBuildConfiguration section */
		CFB8ED8E1CF825E000A221B9 /* Debug */ = {
			isa = XCBuildConfiguration;
			buildSettings = {
				ALWAYS_SEARCH_USER_PATHS = NO;
				CLANG_ANALYZER_NONNULL = YES;
				CLANG_CXX_LANGUAGE_STANDARD = "gnu++0x";
				CLANG_CXX_LIBRARY = "libc++";
				CLANG_ENABLE_MODULES = YES;
				CLANG_ENABLE_OBJC_ARC = YES;
				CLANG_WARN_BOOL_CONVERSION = YES;
				CLANG_WARN_CONSTANT_CONVERSION = YES;
				CLANG_WARN_DIRECT_OBJC_ISA_USAGE = YES_ERROR;
				CLANG_WARN_EMPTY_BODY = YES;
				CLANG_WARN_ENUM_CONVERSION = YES;
				CLANG_WARN_INT_CONVERSION = YES;
				CLANG_WARN_OBJC_ROOT_CLASS = YES_ERROR;
				CLANG_WARN_UNREACHABLE_CODE = YES;
				CLANG_WARN__DUPLICATE_METHOD_MATCH = YES;
				"CODE_SIGN_IDENTITY[sdk=iphoneos*]" = "iPhone Developer";
				COPY_PHASE_STRIP = NO;
				DEBUG_INFORMATION_FORMAT = dwarf;
				ENABLE_STRICT_OBJC_MSGSEND = YES;
				ENABLE_TESTABILITY = YES;
				GCC_C_LANGUAGE_STANDARD = gnu99;
				GCC_DYNAMIC_NO_PIC = NO;
				GCC_NO_COMMON_BLOCKS = YES;
				GCC_OPTIMIZATION_LEVEL = 0;
				GCC_PREPROCESSOR_DEFINITIONS = (
					"DEBUG=1",
					"$(inherited)",
				);
				GCC_WARN_64_TO_32_BIT_CONVERSION = YES;
				GCC_WARN_ABOUT_RETURN_TYPE = YES_ERROR;
				GCC_WARN_UNDECLARED_SELECTOR = YES;
				GCC_WARN_UNINITIALIZED_AUTOS = YES_AGGRESSIVE;
				GCC_WARN_UNUSED_FUNCTION = YES;
				GCC_WARN_UNUSED_VARIABLE = YES;
				IPHONEOS_DEPLOYMENT_TARGET = 9.3;
				MTL_ENABLE_DEBUG_INFO = YES;
				ONLY_ACTIVE_ARCH = YES;
				SDKROOT = iphoneos;
			};
			name = Debug;
		};
		CFB8ED8F1CF825E000A221B9 /* Release */ = {
			isa = XCBuildConfiguration;
			buildSettings = {
				ALWAYS_SEARCH_USER_PATHS = NO;
				CLANG_ANALYZER_NONNULL = YES;
				CLANG_CXX_LANGUAGE_STANDARD = "gnu++0x";
				CLANG_CXX_LIBRARY = "libc++";
				CLANG_ENABLE_MODULES = YES;
				CLANG_ENABLE_OBJC_ARC = YES;
				CLANG_WARN_BOOL_CONVERSION = YES;
				CLANG_WARN_CONSTANT_CONVERSION = YES;
				CLANG_WARN_DIRECT_OBJC_ISA_USAGE = YES_ERROR;
				CLANG_WARN_EMPTY_BODY = YES;
				CLANG_WARN_ENUM_CONVERSION = YES;
				CLANG_WARN_INT_CONVERSION = YES;
				CLANG_WARN_OBJC_ROOT_CLASS = YES_ERROR;
				CLANG_WARN_UNREACHABLE_CODE = YES;
				CLANG_WARN__DUPLICATE_METHOD_MATCH = YES;
				"CODE_SIGN_IDENTITY[sdk=iphoneos*]" = "iPhone Developer";
				COPY_PHASE_STRIP = NO;
				DEBUG_INFORMATION_FORMAT = "dwarf-with-dsym";
				ENABLE_NS_ASSERTIONS = NO;
				ENABLE_STRICT_OBJC_MSGSEND = YES;
				GCC_C_LANGUAGE_STANDARD = gnu99;
				GCC_NO_COMMON_BLOCKS = YES;
				GCC_WARN_64_TO_32_BIT_CONVERSION = YES;
				GCC_WARN_ABOUT_RETURN_TYPE = YES_ERROR;
				GCC_WARN_UNDECLARED_SELECTOR = YES;
				GCC_WARN_UNINITIALIZED_AUTOS = YES_AGGRESSIVE;
				GCC_WARN_UNUSED_FUNCTION = YES;
				GCC_WARN_UNUSED_VARIABLE = YES;
				IPHONEOS_DEPLOYMENT_TARGET = 9.3;
				MTL_ENABLE_DEBUG_INFO = NO;
				SDKROOT = iphoneos;
				VALIDATE_PRODUCT = YES;
			};
			name = Release;
		};
		CFB8ED911CF825E000A221B9 /* Debug */ = {
			isa = XCBuildConfiguration;
			buildSettings = {
				ASSETCATALOG_COMPILER_APPICON_NAME = AppIcon;
				INFOPLIST_FILE = JSCopyableLabel/Info.plist;
				LD_RUNPATH_SEARCH_PATHS = "$(inherited) @executable_path/Frameworks";
				PRODUCT_BUNDLE_IDENTIFIER = com.jiangsu.JSCopyableLabel;
				PRODUCT_NAME = "$(TARGET_NAME)";
			};
			name = Debug;
		};
		CFB8ED921CF825E000A221B9 /* Release */ = {
			isa = XCBuildConfiguration;
			buildSettings = {
				ASSETCATALOG_COMPILER_APPICON_NAME = AppIcon;
				INFOPLIST_FILE = JSCopyableLabel/Info.plist;
				LD_RUNPATH_SEARCH_PATHS = "$(inherited) @executable_path/Frameworks";
				PRODUCT_BUNDLE_IDENTIFIER = com.jiangsu.JSCopyableLabel;
				PRODUCT_NAME = "$(TARGET_NAME)";
			};
			name = Release;
		};
		CFB8ED941CF825E000A221B9 /* Debug */ = {
			isa = XCBuildConfiguration;
			buildSettings = {
				BUNDLE_LOADER = "$(TEST_HOST)";
				INFOPLIST_FILE = JSCopyableLabelTests/Info.plist;
				LD_RUNPATH_SEARCH_PATHS = "$(inherited) @executable_path/Frameworks @loader_path/Frameworks";
				PRODUCT_BUNDLE_IDENTIFIER = com.jiangsu.JSCopyableLabelTests;
				PRODUCT_NAME = "$(TARGET_NAME)";
				TEST_HOST = "$(BUILT_PRODUCTS_DIR)/JSCopyableLabel.app/JSCopyableLabel";
			};
			name = Debug;
		};
		CFB8ED951CF825E000A221B9 /* Release */ = {
			isa = XCBuildConfiguration;
			buildSettings = {
				BUNDLE_LOADER = "$(TEST_HOST)";
				INFOPLIST_FILE = JSCopyableLabelTests/Info.plist;
				LD_RUNPATH_SEARCH_PATHS = "$(inherited) @executable_path/Frameworks @loader_path/Frameworks";
				PRODUCT_BUNDLE_IDENTIFIER = com.jiangsu.JSCopyableLabelTests;
				PRODUCT_NAME = "$(TARGET_NAME)";
				TEST_HOST = "$(BUILT_PRODUCTS_DIR)/JSCopyableLabel.app/JSCopyableLabel";
			};
			name = Release;
		};
		CFB8ED971CF825E000A221B9 /* Debug */ = {
			isa = XCBuildConfiguration;
			buildSettings = {
				INFOPLIST_FILE = JSCopyableLabelUITests/Info.plist;
				LD_RUNPATH_SEARCH_PATHS = "$(inherited) @executable_path/Frameworks @loader_path/Frameworks";
				PRODUCT_BUNDLE_IDENTIFIER = com.jiangsu.JSCopyableLabelUITests;
				PRODUCT_NAME = "$(TARGET_NAME)";
				TEST_TARGET_NAME = JSCopyableLabel;
			};
			name = Debug;
		};
		CFB8ED981CF825E000A221B9 /* Release */ = {
			isa = XCBuildConfiguration;
			buildSettings = {
				INFOPLIST_FILE = JSCopyableLabelUITests/Info.plist;
				LD_RUNPATH_SEARCH_PATHS = "$(inherited) @executable_path/Frameworks @loader_path/Frameworks";
				PRODUCT_BUNDLE_IDENTIFIER = com.jiangsu.JSCopyableLabelUITests;
				PRODUCT_NAME = "$(TARGET_NAME)";
				TEST_TARGET_NAME = JSCopyableLabel;
			};
			name = Release;
		};
/* End XCBuildConfiguration section */

/* Begin XCConfigurationList section */
		CFB8ED5E1CF825DF00A221B9 /* Build configuration list for PBXProject "JSCopyableLabel" */ = {
			isa = XCConfigurationList;
			buildConfigurations = (
				CFB8ED8E1CF825E000A221B9 /* Debug */,
				CFB8ED8F1CF825E000A221B9 /* Release */,
			);
			defaultConfigurationIsVisible = 0;
			defaultConfigurationName = Release;
		};
		CFB8ED901CF825E000A221B9 /* Build configuration list for PBXNativeTarget "JSCopyableLabel" */ = {
			isa = XCConfigurationList;
			buildConfigurations = (
				CFB8ED911CF825E000A221B9 /* Debug */,
				CFB8ED921CF825E000A221B9 /* Release */,
			);
			defaultConfigurationIsVisible = 0;
		};
		CFB8ED931CF825E000A221B9 /* Build configuration list for PBXNativeTarget "JSCopyableLabelTests" */ = {
			isa = XCConfigurationList;
			buildConfigurations = (
				CFB8ED941CF825E000A221B9 /* Debug */,
				CFB8ED951CF825E000A221B9 /* Release */,
			);
			defaultConfigurationIsVisible = 0;
		};
		CFB8ED961CF825E000A221B9 /* Build configuration list for PBXNativeTarget "JSCopyableLabelUITests" */ = {
			isa = XCConfigurationList;
			buildConfigurations = (
				CFB8ED971CF825E000A221B9 /* Debug */,
				CFB8ED981CF825E000A221B9 /* Release */,
			);
			defaultConfigurationIsVisible = 0;
		};
/* End XCConfigurationList section */
	};
	rootObject = CFB8ED5B1CF825DF00A221B9 /* Project object */;
}
